
Microsoft Visual Studio Solution File, Format Version 12.00
# Visual Studio Version 16
VisualStudioVersion = 16.0.30330.147
MinimumVisualStudioVersion = 10.0.40219.1
Project("{FAE04EC0-301F-11D3-BF4B-00C04F79EFBC}") = "JungleSpeed", "JungleSpeed\JungleSpeed.csproj", "{DEA54F25-3785-407D-B0FC-A5E53D559A44}"
EndProject
Global
	GlobalSection(SolutionConfigurationPlatforms) = preSolution
		Debug|Any CPU = Debug|Any CPU
		Release|Any CPU = Release|Any CPU
	EndGlobalSection
	GlobalSection(ProjectConfigurationPlatforms) = postSolution
		{DEA54F25-3785-407D-B0FC-A5E53D559A44}.Debug|Any CPU.ActiveCfg = Debug|Any CPU
		{DEA54F25-3785-407D-B0FC-A5E53D559A44}.Debug|Any CPU.Build.0 = Debug|Any CPU
		{DEA54F25-3785-407D-B0FC-A5E53D559A44}.Release|Any CPU.ActiveCfg = Release|Any CPU
		{DEA54F25-3785-407D-B0FC-A5E53D559A44}.Release|Any CPU.Build.0 = Release|Any CPU
	EndGlobalSection
	GlobalSection(SolutionProperties) = preSolution
		HideSolutionNode = FALSE
	EndGlobalSection
	GlobalSection(ExtensibilityGlobals) = postSolution
		SolutionGuid = {8D247355-EF7F-4F85-81A0-1AE57C7AB7B4}
	EndGlobalSection
EndGlobal
