
Microsoft Visual Studio Solution File, Format Version 12.00
# Visual Studio Version 16
VisualStudioVersion = 16.0.31321.278
MinimumVisualStudioVersion = 10.0.40219.1
Project("{FAE04EC0-301F-11D3-BF4B-00C04F79EFBC}") = "Jungle Speed", "Jungle Speed.csproj", "{397ABE47-ECCA-451E-9FFD-15173B3646F6}"
EndProject
Global
	GlobalSection(SolutionConfigurationPlatforms) = preSolution
		Debug|Any CPU = Debug|Any CPU
		Release|Any CPU = Release|Any CPU
	EndGlobalSection
	GlobalSection(ProjectConfigurationPlatforms) = postSolution
		{397ABE47-ECCA-451E-9FFD-15173B3646F6}.Debug|Any CPU.ActiveCfg = Debug|Any CPU
		{397ABE47-ECCA-451E-9FFD-15173B3646F6}.Debug|Any CPU.Build.0 = Debug|Any CPU
		{397ABE47-ECCA-451E-9FFD-15173B3646F6}.Release|Any CPU.ActiveCfg = Release|Any CPU
		{397ABE47-ECCA-451E-9FFD-15173B3646F6}.Release|Any CPU.Build.0 = Release|Any CPU
	EndGlobalSection
	GlobalSection(SolutionProperties) = preSolution
		HideSolutionNode = FALSE
	EndGlobalSection
	GlobalSection(ExtensibilityGlobals) = postSolution
		SolutionGuid = {65170AB7-6513-4167-9572-A45B3A52788E}
	EndGlobalSection
EndGlobal
